# This file is automatically @generated by Cargo.
# It is not intended for manual editing.
[[package]]
name = "anyhow"
version = "1.0.32"
source = "registry+https://github.com/rust-lang/crates.io-index"

[[package]]
name = "arc-swap"
version = "0.4.7"
source = "registry+https://github.com/rust-lang/crates.io-index"

[[package]]
name = "async-channel"
version = "1.4.2"
source = "registry+https://github.com/rust-lang/crates.io-index"
dependencies = [
 "concurrent-queue 1.2.2 (registry+https://github.com/rust-lang/crates.io-index)",
 "event-listener 2.5.1 (registry+https://github.com/rust-lang/crates.io-index)",
 "futures-core 0.3.5 (registry+https://github.com/rust-lang/crates.io-index)",
]

[[package]]
name = "async-dup"
version = "1.2.2"
source = "registry+https://github.com/rust-lang/crates.io-index"
dependencies = [
 "futures-io 0.3.5 (registry+https://github.com/rust-lang/crates.io-index)",
 "simple-mutex 1.1.5 (registry+https://github.com/rust-lang/crates.io-index)",
]

[[package]]
name = "async-executor"
version = "1.3.0"
source = "registry+https://github.com/rust-lang/crates.io-index"
dependencies = [
 "async-task 4.0.2 (registry+https://github.com/rust-lang/crates.io-index)",
 "concurrent-queue 1.2.2 (registry+https://github.com/rust-lang/crates.io-index)",
 "fastrand 1.3.5 (registry+https://github.com/rust-lang/crates.io-index)",
 "futures-lite 1.8.0 (registry+https://github.com/rust-lang/crates.io-index)",
 "once_cell 1.4.1 (registry+https://github.com/rust-lang/crates.io-index)",
 "vec-arena 1.0.0 (registry+https://github.com/rust-lang/crates.io-index)",
]

[[package]]
name = "async-io"
version = "1.1.6"
source = "registry+https://github.com/rust-lang/crates.io-index"
dependencies = [
 "concurrent-queue 1.2.2 (registry+https://github.com/rust-lang/crates.io-index)",
 "fastrand 1.3.5 (registry+https://github.com/rust-lang/crates.io-index)",
 "futures-lite 1.8.0 (registry+https://github.com/rust-lang/crates.io-index)",
 "log 0.4.11 (registry+https://github.com/rust-lang/crates.io-index)",
 "nb-connect 1.0.1 (registry+https://github.com/rust-lang/crates.io-index)",
 "once_cell 1.4.1 (registry+https://github.com/rust-lang/crates.io-index)",
 "parking 2.0.0 (registry+https://github.com/rust-lang/crates.io-index)",
 "polling 1.1.0 (registry+https://github.com/rust-lang/crates.io-index)",
 "vec-arena 1.0.0 (registry+https://github.com/rust-lang/crates.io-index)",
 "waker-fn 1.1.0 (registry+https://github.com/rust-lang/crates.io-index)",
]

[[package]]
name = "async-task"
version = "4.0.2"
source = "registry+https://github.com/rust-lang/crates.io-index"

[[package]]
name = "bitflags"
version = "1.2.1"
source = "registry+https://github.com/rust-lang/crates.io-index"

[[package]]
name = "cache-padded"
version = "1.1.1"
source = "registry+https://github.com/rust-lang/crates.io-index"

[[package]]
name = "cc"
version = "1.0.60"
source = "registry+https://github.com/rust-lang/crates.io-index"

[[package]]
name = "cfg-if"
version = "0.1.10"
source = "registry+https://github.com/rust-lang/crates.io-index"

[[package]]
name = "cloudabi"
version = "0.1.0"
source = "registry+https://github.com/rust-lang/crates.io-index"
dependencies = [
 "bitflags 1.2.1 (registry+https://github.com/rust-lang/crates.io-index)",
]

[[package]]
name = "concurrent-queue"
version = "1.2.2"
source = "registry+https://github.com/rust-lang/crates.io-index"
dependencies = [
 "cache-padded 1.1.1 (registry+https://github.com/rust-lang/crates.io-index)",
]

[[package]]
name = "crossterm"
version = "0.18.0"
source = "registry+https://github.com/rust-lang/crates.io-index"
dependencies = [
 "bitflags 1.2.1 (registry+https://github.com/rust-lang/crates.io-index)",
 "crossterm_winapi 0.6.1 (registry+https://github.com/rust-lang/crates.io-index)",
 "futures-core 0.3.5 (registry+https://github.com/rust-lang/crates.io-index)",
 "lazy_static 1.4.0 (registry+https://github.com/rust-lang/crates.io-index)",
 "libc 0.2.78 (registry+https://github.com/rust-lang/crates.io-index)",
 "mio 0.7.1 (registry+https://github.com/rust-lang/crates.io-index)",
 "parking_lot 0.11.0 (registry+https://github.com/rust-lang/crates.io-index)",
 "signal-hook 0.1.16 (registry+https://github.com/rust-lang/crates.io-index)",
 "winapi 0.3.9 (registry+https://github.com/rust-lang/crates.io-index)",
]

[[package]]
name = "crossterm_winapi"
version = "0.6.1"
source = "registry+https://github.com/rust-lang/crates.io-index"
dependencies = [
 "winapi 0.3.9 (registry+https://github.com/rust-lang/crates.io-index)",
]

[[package]]
name = "event-listener"
version = "2.5.1"
source = "registry+https://github.com/rust-lang/crates.io-index"

[[package]]
name = "fastrand"
version = "1.3.5"
source = "registry+https://github.com/rust-lang/crates.io-index"

[[package]]
name = "futures-core"
version = "0.3.5"
source = "registry+https://github.com/rust-lang/crates.io-index"

[[package]]
name = "futures-io"
version = "0.3.5"
source = "registry+https://github.com/rust-lang/crates.io-index"

[[package]]
name = "futures-lite"
version = "1.8.0"
source = "registry+https://github.com/rust-lang/crates.io-index"
dependencies = [
 "fastrand 1.3.5 (registry+https://github.com/rust-lang/crates.io-index)",
 "futures-core 0.3.5 (registry+https://github.com/rust-lang/crates.io-index)",
 "futures-io 0.3.5 (registry+https://github.com/rust-lang/crates.io-index)",
 "memchr 2.3.3 (registry+https://github.com/rust-lang/crates.io-index)",
 "parking 2.0.0 (registry+https://github.com/rust-lang/crates.io-index)",
 "pin-project-lite 0.1.10 (registry+https://github.com/rust-lang/crates.io-index)",
 "waker-fn 1.1.0 (registry+https://github.com/rust-lang/crates.io-index)",
]

[[package]]
name = "futures-timer"
version = "3.0.2"
source = "registry+https://github.com/rust-lang/crates.io-index"

[[package]]
name = "instant"
version = "0.1.7"
source = "registry+https://github.com/rust-lang/crates.io-index"
dependencies = [
 "cfg-if 0.1.10 (registry+https://github.com/rust-lang/crates.io-index)",
]

[[package]]
name = "lazy_static"
version = "1.4.0"
source = "registry+https://github.com/rust-lang/crates.io-index"

[[package]]
name = "libc"
version = "0.2.78"
source = "registry+https://github.com/rust-lang/crates.io-index"

[[package]]
name = "lock_api"
version = "0.4.1"
source = "registry+https://github.com/rust-lang/crates.io-index"
dependencies = [
 "scopeguard 1.1.0 (registry+https://github.com/rust-lang/crates.io-index)",
]

[[package]]
name = "log"
version = "0.4.11"
source = "registry+https://github.com/rust-lang/crates.io-index"
dependencies = [
 "cfg-if 0.1.10 (registry+https://github.com/rust-lang/crates.io-index)",
]

[[package]]
name = "memchr"
version = "2.3.3"
source = "registry+https://github.com/rust-lang/crates.io-index"

[[package]]
name = "mio"
version = "0.7.1"
source = "registry+https://github.com/rust-lang/crates.io-index"
dependencies = [
 "libc 0.2.78 (registry+https://github.com/rust-lang/crates.io-index)",
 "log 0.4.11 (registry+https://github.com/rust-lang/crates.io-index)",
 "miow 0.3.5 (registry+https://github.com/rust-lang/crates.io-index)",
 "ntapi 0.3.4 (registry+https://github.com/rust-lang/crates.io-index)",
 "winapi 0.3.9 (registry+https://github.com/rust-lang/crates.io-index)",
]

[[package]]
name = "miow"
version = "0.3.5"
source = "registry+https://github.com/rust-lang/crates.io-index"
dependencies = [
 "socket2 0.3.15 (registry+https://github.com/rust-lang/crates.io-index)",
 "winapi 0.3.9 (registry+https://github.com/rust-lang/crates.io-index)",
]

[[package]]
name = "nb-connect"
version = "1.0.1"
source = "registry+https://github.com/rust-lang/crates.io-index"
dependencies = [
 "libc 0.2.78 (registry+https://github.com/rust-lang/crates.io-index)",
 "winapi 0.3.9 (registry+https://github.com/rust-lang/crates.io-index)",
]

[[package]]
name = "ntapi"
version = "0.3.4"
source = "registry+https://github.com/rust-lang/crates.io-index"
dependencies = [
 "winapi 0.3.9 (registry+https://github.com/rust-lang/crates.io-index)",
]

[[package]]
name = "once_cell"
version = "1.4.1"
source = "registry+https://github.com/rust-lang/crates.io-index"

[[package]]
name = "parking"
version = "2.0.0"
source = "registry+https://github.com/rust-lang/crates.io-index"

[[package]]
name = "parking_lot"
version = "0.11.0"
source = "registry+https://github.com/rust-lang/crates.io-index"
dependencies = [
 "instant 0.1.7 (registry+https://github.com/rust-lang/crates.io-index)",
 "lock_api 0.4.1 (registry+https://github.com/rust-lang/crates.io-index)",
 "parking_lot_core 0.8.0 (registry+https://github.com/rust-lang/crates.io-index)",
]

[[package]]
name = "parking_lot_core"
version = "0.8.0"
source = "registry+https://github.com/rust-lang/crates.io-index"
dependencies = [
 "cfg-if 0.1.10 (registry+https://github.com/rust-lang/crates.io-index)",
 "cloudabi 0.1.0 (registry+https://github.com/rust-lang/crates.io-index)",
 "instant 0.1.7 (registry+https://github.com/rust-lang/crates.io-index)",
 "libc 0.2.78 (registry+https://github.com/rust-lang/crates.io-index)",
 "redox_syscall 0.1.57 (registry+https://github.com/rust-lang/crates.io-index)",
 "smallvec 1.4.2 (registry+https://github.com/rust-lang/crates.io-index)",
 "winapi 0.3.9 (registry+https://github.com/rust-lang/crates.io-index)",
]

[[package]]
name = "pico-args"
version = "0.3.4"
source = "registry+https://github.com/rust-lang/crates.io-index"

[[package]]
name = "pin-project-lite"
version = "0.1.10"
source = "registry+https://github.com/rust-lang/crates.io-index"

[[package]]
name = "polling"
version = "1.1.0"
source = "registry+https://github.com/rust-lang/crates.io-index"
dependencies = [
 "cfg-if 0.1.10 (registry+https://github.com/rust-lang/crates.io-index)",
 "libc 0.2.78 (registry+https://github.com/rust-lang/crates.io-index)",
 "log 0.4.11 (registry+https://github.com/rust-lang/crates.io-index)",
 "wepoll-sys-stjepang 1.0.8 (registry+https://github.com/rust-lang/crates.io-index)",
 "winapi 0.3.9 (registry+https://github.com/rust-lang/crates.io-index)",
]

[[package]]
name = "readchat"
version = "0.2.1"
dependencies = [
 "anyhow 1.0.32 (registry+https://github.com/rust-lang/crates.io-index)",
 "async-executor 1.3.0 (registry+https://github.com/rust-lang/crates.io-index)",
 "crossterm 0.18.0 (registry+https://github.com/rust-lang/crates.io-index)",
 "fastrand 1.3.5 (registry+https://github.com/rust-lang/crates.io-index)",
 "futures-lite 1.8.0 (registry+https://github.com/rust-lang/crates.io-index)",
 "pico-args 0.3.4 (registry+https://github.com/rust-lang/crates.io-index)",
 "pin-project-lite 0.1.10 (registry+https://github.com/rust-lang/crates.io-index)",
 "twitchchat 0.14.4 (registry+https://github.com/rust-lang/crates.io-index)",
 "unicode-segmentation 1.6.0 (registry+https://github.com/rust-lang/crates.io-index)",
 "unicode-width 0.1.8 (registry+https://github.com/rust-lang/crates.io-index)",
]

[[package]]
name = "redox_syscall"
version = "0.1.57"
source = "registry+https://github.com/rust-lang/crates.io-index"

[[package]]
name = "scopeguard"
version = "1.1.0"
source = "registry+https://github.com/rust-lang/crates.io-index"

[[package]]
name = "signal-hook"
version = "0.1.16"
source = "registry+https://github.com/rust-lang/crates.io-index"
dependencies = [
 "libc 0.2.78 (registry+https://github.com/rust-lang/crates.io-index)",
 "mio 0.7.1 (registry+https://github.com/rust-lang/crates.io-index)",
 "signal-hook-registry 1.2.1 (registry+https://github.com/rust-lang/crates.io-index)",
]

[[package]]
name = "signal-hook-registry"
version = "1.2.1"
source = "registry+https://github.com/rust-lang/crates.io-index"
dependencies = [
 "arc-swap 0.4.7 (registry+https://github.com/rust-lang/crates.io-index)",
 "libc 0.2.78 (registry+https://github.com/rust-lang/crates.io-index)",
]

[[package]]
name = "simple-mutex"
version = "1.1.5"
source = "registry+https://github.com/rust-lang/crates.io-index"
dependencies = [
 "event-listener 2.5.1 (registry+https://github.com/rust-lang/crates.io-index)",
]

[[package]]
name = "smallvec"
version = "1.4.2"
source = "registry+https://github.com/rust-lang/crates.io-index"

[[package]]
name = "socket2"
version = "0.3.15"
source = "registry+https://github.com/rust-lang/crates.io-index"
dependencies = [
 "cfg-if 0.1.10 (registry+https://github.com/rust-lang/crates.io-index)",
 "libc 0.2.78 (registry+https://github.com/rust-lang/crates.io-index)",
 "redox_syscall 0.1.57 (registry+https://github.com/rust-lang/crates.io-index)",
 "winapi 0.3.9 (registry+https://github.com/rust-lang/crates.io-index)",
]

[[package]]
name = "twitchchat"
version = "0.14.4"
source = "registry+https://github.com/rust-lang/crates.io-index"
dependencies = [
 "async-channel 1.4.2 (registry+https://github.com/rust-lang/crates.io-index)",
 "async-dup 1.2.2 (registry+https://github.com/rust-lang/crates.io-index)",
 "async-io 1.1.6 (registry+https://github.com/rust-lang/crates.io-index)",
 "fastrand 1.3.5 (registry+https://github.com/rust-lang/crates.io-index)",
 "futures-lite 1.8.0 (registry+https://github.com/rust-lang/crates.io-index)",
 "futures-timer 3.0.2 (registry+https://github.com/rust-lang/crates.io-index)",
 "log 0.4.11 (registry+https://github.com/rust-lang/crates.io-index)",
 "pin-project-lite 0.1.10 (registry+https://github.com/rust-lang/crates.io-index)",
]

[[package]]
name = "unicode-segmentation"
version = "1.6.0"
source = "registry+https://github.com/rust-lang/crates.io-index"

[[package]]
name = "unicode-width"
version = "0.1.8"
source = "registry+https://github.com/rust-lang/crates.io-index"

[[package]]
name = "vec-arena"
version = "1.0.0"
source = "registry+https://github.com/rust-lang/crates.io-index"

[[package]]
name = "waker-fn"
version = "1.1.0"
source = "registry+https://github.com/rust-lang/crates.io-index"

[[package]]
name = "wepoll-sys-stjepang"
version = "1.0.8"
source = "registry+https://github.com/rust-lang/crates.io-index"
dependencies = [
 "cc 1.0.60 (registry+https://github.com/rust-lang/crates.io-index)",
]

[[package]]
name = "winapi"
version = "0.3.9"
source = "registry+https://github.com/rust-lang/crates.io-index"
dependencies = [
 "winapi-i686-pc-windows-gnu 0.4.0 (registry+https://github.com/rust-lang/crates.io-index)",
 "winapi-x86_64-pc-windows-gnu 0.4.0 (registry+https://github.com/rust-lang/crates.io-index)",
]

[[package]]
name = "winapi-i686-pc-windows-gnu"
version = "0.4.0"
source = "registry+https://github.com/rust-lang/crates.io-index"

[[package]]
name = "winapi-x86_64-pc-windows-gnu"
version = "0.4.0"
source = "registry+https://github.com/rust-lang/crates.io-index"

[metadata]
"checksum anyhow 1.0.32 (registry+https://github.com/rust-lang/crates.io-index)" = "6b602bfe940d21c130f3895acd65221e8a61270debe89d628b9cb4e3ccb8569b"
"checksum arc-swap 0.4.7 (registry+https://github.com/rust-lang/crates.io-index)" = "4d25d88fd6b8041580a654f9d0c581a047baee2b3efee13275f2fc392fc75034"
"checksum async-channel 1.4.2 (registry+https://github.com/rust-lang/crates.io-index)" = "21279cfaa4f47df10b1816007e738ca3747ef2ee53ffc51cdbf57a8bb266fee3"
"checksum async-dup 1.2.2 (registry+https://github.com/rust-lang/crates.io-index)" = "7427a12b8dc09291528cfb1da2447059adb4a257388c2acd6497a79d55cf6f7c"
"checksum async-executor 1.3.0 (registry+https://github.com/rust-lang/crates.io-index)" = "d373d78ded7d0b3fa8039375718cde0aace493f2e34fb60f51cbf567562ca801"
"checksum async-io 1.1.6 (registry+https://github.com/rust-lang/crates.io-index)" = "b5bfd63f6fc8fd2925473a147d3f4d252c712291efdde0d7057b25146563402c"
"checksum async-task 4.0.2 (registry+https://github.com/rust-lang/crates.io-index)" = "8ab27c1aa62945039e44edaeee1dc23c74cc0c303dd5fe0fb462a184f1c3a518"
"checksum bitflags 1.2.1 (registry+https://github.com/rust-lang/crates.io-index)" = "cf1de2fe8c75bc145a2f577add951f8134889b4795d47466a54a5c846d691693"
"checksum cache-padded 1.1.1 (registry+https://github.com/rust-lang/crates.io-index)" = "631ae5198c9be5e753e5cc215e1bd73c2b466a3565173db433f52bb9d3e66dba"
"checksum cc 1.0.60 (registry+https://github.com/rust-lang/crates.io-index)" = "ef611cc68ff783f18535d77ddd080185275713d852c4f5cbb6122c462a7a825c"
"checksum cfg-if 0.1.10 (registry+https://github.com/rust-lang/crates.io-index)" = "4785bdd1c96b2a846b2bd7cc02e86b6b3dbf14e7e53446c4f54c92a361040822"
"checksum cloudabi 0.1.0 (registry+https://github.com/rust-lang/crates.io-index)" = "4344512281c643ae7638bbabc3af17a11307803ec8f0fcad9fae512a8bf36467"
"checksum concurrent-queue 1.2.2 (registry+https://github.com/rust-lang/crates.io-index)" = "30ed07550be01594c6026cff2a1d7fe9c8f683caa798e12b68694ac9e88286a3"
"checksum crossterm 0.18.0 (registry+https://github.com/rust-lang/crates.io-index)" = "c2fcdc3c9cf8ee446222e8ee8691a6d21b563b8fe1a64b1873080db7b5b23cf0"
"checksum crossterm_winapi 0.6.1 (registry+https://github.com/rust-lang/crates.io-index)" = "057b7146d02fb50175fd7dbe5158f6097f33d02831f43b4ee8ae4ddf67b68f5c"
"checksum event-listener 2.5.1 (registry+https://github.com/rust-lang/crates.io-index)" = "f7531096570974c3a9dcf9e4b8e1cede1ec26cf5046219fb3b9d897503b9be59"
"checksum fastrand 1.3.5 (registry+https://github.com/rust-lang/crates.io-index)" = "5c85295147490b8fcf2ea3d104080a105a8b2c63f9c319e82c02d8e952388919"
"checksum futures-core 0.3.5 (registry+https://github.com/rust-lang/crates.io-index)" = "59f5fff90fd5d971f936ad674802482ba441b6f09ba5e15fd8b39145582ca399"
"checksum futures-io 0.3.5 (registry+https://github.com/rust-lang/crates.io-index)" = "de27142b013a8e869c14957e6d2edeef89e97c289e69d042ee3a49acd8b51789"
"checksum futures-lite 1.8.0 (registry+https://github.com/rust-lang/crates.io-index)" = "0db18c5f58083b54b0c416638ea73066722c2815c1e54dd8ba85ee3def593c3a"
"checksum futures-timer 3.0.2 (registry+https://github.com/rust-lang/crates.io-index)" = "e64b03909df88034c26dc1547e8970b91f98bdb65165d6a4e9110d94263dbb2c"
"checksum instant 0.1.7 (registry+https://github.com/rust-lang/crates.io-index)" = "63312a18f7ea8760cdd0a7c5aac1a619752a246b833545e3e36d1f81f7cd9e66"
"checksum lazy_static 1.4.0 (registry+https://github.com/rust-lang/crates.io-index)" = "e2abad23fbc42b3700f2f279844dc832adb2b2eb069b2df918f455c4e18cc646"
"checksum libc 0.2.78 (registry+https://github.com/rust-lang/crates.io-index)" = "aa7087f49d294270db4e1928fc110c976cd4b9e5a16348e0a1df09afa99e6c98"
"checksum lock_api 0.4.1 (registry+https://github.com/rust-lang/crates.io-index)" = "28247cc5a5be2f05fbcd76dd0cf2c7d3b5400cb978a28042abcd4fa0b3f8261c"
"checksum log 0.4.11 (registry+https://github.com/rust-lang/crates.io-index)" = "4fabed175da42fed1fa0746b0ea71f412aa9d35e76e95e59b192c64b9dc2bf8b"
"checksum memchr 2.3.3 (registry+https://github.com/rust-lang/crates.io-index)" = "3728d817d99e5ac407411fa471ff9800a778d88a24685968b36824eaf4bee400"
"checksum mio 0.7.1 (registry+https://github.com/rust-lang/crates.io-index)" = "d1bb17be6a300845baad6dc2062a31de575e9148696df52f040aea6398627350"
"checksum miow 0.3.5 (registry+https://github.com/rust-lang/crates.io-index)" = "07b88fb9795d4d36d62a012dfbf49a8f5cf12751f36d31a9dbe66d528e58979e"
"checksum nb-connect 1.0.1 (registry+https://github.com/rust-lang/crates.io-index)" = "701f47aeb98466d0a7fea67e2c2f667c33efa1f2e4fd7f76743aac1153196f72"
"checksum ntapi 0.3.4 (registry+https://github.com/rust-lang/crates.io-index)" = "7a31937dea023539c72ddae0e3571deadc1414b300483fa7aaec176168cfa9d2"
"checksum once_cell 1.4.1 (registry+https://github.com/rust-lang/crates.io-index)" = "260e51e7efe62b592207e9e13a68e43692a7a279171d6ba57abd208bf23645ad"
"checksum parking 2.0.0 (registry+https://github.com/rust-lang/crates.io-index)" = "427c3892f9e783d91cc128285287e70a59e206ca452770ece88a76f7a3eddd72"
"checksum parking_lot 0.11.0 (registry+https://github.com/rust-lang/crates.io-index)" = "a4893845fa2ca272e647da5d0e46660a314ead9c2fdd9a883aabc32e481a8733"
"checksum parking_lot_core 0.8.0 (registry+https://github.com/rust-lang/crates.io-index)" = "c361aa727dd08437f2f1447be8b59a33b0edd15e0fcee698f935613d9efbca9b"
"checksum pico-args 0.3.4 (registry+https://github.com/rust-lang/crates.io-index)" = "28b9b4df73455c861d7cbf8be42f01d3b373ed7f02e378d55fa84eafc6f638b1"
"checksum pin-project-lite 0.1.10 (registry+https://github.com/rust-lang/crates.io-index)" = "e555d9e657502182ac97b539fb3dae8b79cda19e3e4f8ffb5e8de4f18df93c95"
"checksum polling 1.1.0 (registry+https://github.com/rust-lang/crates.io-index)" = "e0720e0b9ea9d52451cf29d3413ba8a9303f8815d9d9653ef70e03ff73e65566"
"checksum redox_syscall 0.1.57 (registry+https://github.com/rust-lang/crates.io-index)" = "41cc0f7e4d5d4544e8861606a285bb08d3e70712ccc7d2b84d7c0ccfaf4b05ce"
"checksum scopeguard 1.1.0 (registry+https://github.com/rust-lang/crates.io-index)" = "d29ab0c6d3fc0ee92fe66e2d99f700eab17a8d57d1c1d3b748380fb20baa78cd"
"checksum signal-hook 0.1.16 (registry+https://github.com/rust-lang/crates.io-index)" = "604508c1418b99dfe1925ca9224829bb2a8a9a04dda655cc01fcad46f4ab05ed"
"checksum signal-hook-registry 1.2.1 (registry+https://github.com/rust-lang/crates.io-index)" = "a3e12110bc539e657a646068aaf5eb5b63af9d0c1f7b29c97113fad80e15f035"
"checksum simple-mutex 1.1.5 (registry+https://github.com/rust-lang/crates.io-index)" = "38aabbeafa6f6dead8cebf246fe9fae1f9215c8d29b3a69f93bd62a9e4a3dcd6"
"checksum smallvec 1.4.2 (registry+https://github.com/rust-lang/crates.io-index)" = "fbee7696b84bbf3d89a1c2eccff0850e3047ed46bfcd2e92c29a2d074d57e252"
"checksum socket2 0.3.15 (registry+https://github.com/rust-lang/crates.io-index)" = "b1fa70dc5c8104ec096f4fe7ede7a221d35ae13dcd19ba1ad9a81d2cab9a1c44"
"checksum twitchchat 0.14.4 (registry+https://github.com/rust-lang/crates.io-index)" = "9e35281d9dc2d1c4efafb48ce45edc329717d0cb7b1fad7ea6f77d0580c227e3"
"checksum unicode-segmentation 1.6.0 (registry+https://github.com/rust-lang/crates.io-index)" = "e83e153d1053cbb5a118eeff7fd5be06ed99153f00dbcd8ae310c5fb2b22edc0"
"checksum unicode-width 0.1.8 (registry+https://github.com/rust-lang/crates.io-index)" = "9337591893a19b88d8d87f2cec1e73fad5cdfd10e5a6f349f498ad6ea2ffb1e3"
"checksum vec-arena 1.0.0 (registry+https://github.com/rust-lang/crates.io-index)" = "eafc1b9b2dfc6f5529177b62cf806484db55b32dc7c9658a118e11bbeb33061d"
"checksum waker-fn 1.1.0 (registry+https://github.com/rust-lang/crates.io-index)" = "9d5b2c62b4012a3e1eca5a7e077d13b3bf498c4073e33ccd58626607748ceeca"
"checksum wepoll-sys-stjepang 1.0.8 (registry+https://github.com/rust-lang/crates.io-index)" = "1fdfbb03f290ca0b27922e8d48a0997b4ceea12df33269b9f75e713311eb178d"
"checksum winapi 0.3.9 (registry+https://github.com/rust-lang/crates.io-index)" = "5c839a674fcd7a98952e593242ea400abe93992746761e38641405d28b00f419"
"checksum winapi-i686-pc-windows-gnu 0.4.0 (registry+https://github.com/rust-lang/crates.io-index)" = "ac3b87c63620426dd9b991e5ce0329eff545bccbbb34f3be09ff6fb6ab51b7b6"
"checksum winapi-x86_64-pc-windows-gnu 0.4.0 (registry+https://github.com/rust-lang/crates.io-index)" = "712e227841d057c1ee1cd2fb22fa7e5a5461ae8e48fa2ca79ec42cfc1931183f"
